
Microsoft Visual Studio Solution File, Format Version 10.00
# Visual Studio 2008
Project("{8BC9CEB8-8B4A-11D0-8D11-00A0C91BC942}") = "ParticlePlayer", "ParticlePlayer.vcproj", "{28101723-9CAC-4E43-BD85-737E2A146B84}"
EndProject
Global
	GlobalSection(SolutionConfigurationPlatforms) = preSolution
		Debug|Win32 = Debug|Win32
		Release|Win32 = Release|Win32
	EndGlobalSection
	GlobalSection(ProjectConfigurationPlatforms) = postSolution
		{28101723-9CAC-4E43-BD85-737E2A146B84}.Debug|Win32.ActiveCfg = Debug|Win32
		{28101723-9CAC-4E43-BD85-737E2A146B84}.Debug|Win32.Build.0 = Debug|Win32
		{28101723-9CAC-4E43-BD85-737E2A146B84}.Release|Win32.ActiveCfg = Release|Win32
		{28101723-9CAC-4E43-BD85-737E2A146B84}.Release|Win32.Build.0 = Release|Win32
	EndGlobalSection
	GlobalSection(SolutionProperties) = preSolution
		HideSolutionNode = FALSE
	EndGlobalSection
EndGlobal
