
Microsoft Visual Studio Solution File, Format Version 12.00
# Visual Studio 2012
Project("{8BC9CEB8-8B4A-11D0-8D11-00A0C91BC942}") = "Client", "11.0\Client.vcxproj", "{5B9B4518-6CC8-670D-4B39-FBDB852A397B}"
EndProject
Project("{8BC9CEB8-8B4A-11D0-8D11-00A0C91BC942}") = "edCore", "11.0\edCore.vcxproj", "{BD549D1C-38E6-CAB0-FD5D-D5CB1814B126}"
EndProject
Project("{8BC9CEB8-8B4A-11D0-8D11-00A0C91BC942}") = "Server", "11.0\Server.vcxproj", "{1923108C-63B9-5D88-4CA7-28A3454D6D2E}"
EndProject
Global
	GlobalSection(SolutionConfigurationPlatforms) = preSolution
		Debug|Win32 = Debug|Win32
		Debug|x64 = Debug|x64
		Release|Win32 = Release|Win32
		Release|x64 = Release|x64
	EndGlobalSection
	GlobalSection(ProjectConfigurationPlatforms) = postSolution
		{5B9B4518-6CC8-670D-4B39-FBDB852A397B}.Debug|Win32.ActiveCfg = Debug|Win32
		{5B9B4518-6CC8-670D-4B39-FBDB852A397B}.Debug|Win32.Build.0 = Debug|Win32
		{5B9B4518-6CC8-670D-4B39-FBDB852A397B}.Debug|x64.ActiveCfg = Debug|x64
		{5B9B4518-6CC8-670D-4B39-FBDB852A397B}.Debug|x64.Build.0 = Debug|x64
		{5B9B4518-6CC8-670D-4B39-FBDB852A397B}.Release|Win32.ActiveCfg = Release|Win32
		{5B9B4518-6CC8-670D-4B39-FBDB852A397B}.Release|Win32.Build.0 = Release|Win32
		{5B9B4518-6CC8-670D-4B39-FBDB852A397B}.Release|x64.ActiveCfg = Release|x64
		{5B9B4518-6CC8-670D-4B39-FBDB852A397B}.Release|x64.Build.0 = Release|x64
		{BD549D1C-38E6-CAB0-FD5D-D5CB1814B126}.Debug|Win32.ActiveCfg = Debug|Win32
		{BD549D1C-38E6-CAB0-FD5D-D5CB1814B126}.Debug|Win32.Build.0 = Debug|Win32
		{BD549D1C-38E6-CAB0-FD5D-D5CB1814B126}.Debug|x64.ActiveCfg = Debug|x64
		{BD549D1C-38E6-CAB0-FD5D-D5CB1814B126}.Debug|x64.Build.0 = Debug|x64
		{BD549D1C-38E6-CAB0-FD5D-D5CB1814B126}.Release|Win32.ActiveCfg = Release|Win32
		{BD549D1C-38E6-CAB0-FD5D-D5CB1814B126}.Release|Win32.Build.0 = Release|Win32
		{BD549D1C-38E6-CAB0-FD5D-D5CB1814B126}.Release|x64.ActiveCfg = Release|x64
		{BD549D1C-38E6-CAB0-FD5D-D5CB1814B126}.Release|x64.Build.0 = Release|x64
		{1923108C-63B9-5D88-4CA7-28A3454D6D2E}.Debug|Win32.ActiveCfg = Debug|Win32
		{1923108C-63B9-5D88-4CA7-28A3454D6D2E}.Debug|Win32.Build.0 = Debug|Win32
		{1923108C-63B9-5D88-4CA7-28A3454D6D2E}.Debug|x64.ActiveCfg = Debug|x64
		{1923108C-63B9-5D88-4CA7-28A3454D6D2E}.Debug|x64.Build.0 = Debug|x64
		{1923108C-63B9-5D88-4CA7-28A3454D6D2E}.Release|Win32.ActiveCfg = Release|Win32
		{1923108C-63B9-5D88-4CA7-28A3454D6D2E}.Release|Win32.Build.0 = Release|Win32
		{1923108C-63B9-5D88-4CA7-28A3454D6D2E}.Release|x64.ActiveCfg = Release|x64
		{1923108C-63B9-5D88-4CA7-28A3454D6D2E}.Release|x64.Build.0 = Release|x64
	EndGlobalSection
	GlobalSection(SolutionProperties) = preSolution
		HideSolutionNode = FALSE
	EndGlobalSection
EndGlobal
